
Microsoft Visual Studio Solution File, Format Version 11.00
# Visual Studio 2010
Project("{FAE04EC0-301F-11D3-BF4B-00C04F79EFBC}") = "CoCoL", "CoCoL\CoCoL.csproj", "{00058DF8-C13F-4DD9-BD8E-775DDF72BF87}"
EndProject
Project("{FAE04EC0-301F-11D3-BF4B-00C04F79EFBC}") = "Tester", "Tester\Tester.csproj", "{EFB0B30B-A737-4F01-94F5-9C6E53E42A0C}"
EndProject
Global
	GlobalSection(SolutionConfigurationPlatforms) = preSolution
		Debug|Any CPU = Debug|Any CPU
		Release|Any CPU = Release|Any CPU
	EndGlobalSection
	GlobalSection(ProjectConfigurationPlatforms) = postSolution
		{00058DF8-C13F-4DD9-BD8E-775DDF72BF87}.Debug|Any CPU.ActiveCfg = Debug|Any CPU
		{00058DF8-C13F-4DD9-BD8E-775DDF72BF87}.Debug|Any CPU.Build.0 = Debug|Any CPU
		{00058DF8-C13F-4DD9-BD8E-775DDF72BF87}.Release|Any CPU.ActiveCfg = Release|Any CPU
		{00058DF8-C13F-4DD9-BD8E-775DDF72BF87}.Release|Any CPU.Build.0 = Release|Any CPU
		{EFB0B30B-A737-4F01-94F5-9C6E53E42A0C}.Debug|Any CPU.ActiveCfg = Debug|Any CPU
		{EFB0B30B-A737-4F01-94F5-9C6E53E42A0C}.Debug|Any CPU.Build.0 = Debug|Any CPU
		{EFB0B30B-A737-4F01-94F5-9C6E53E42A0C}.Release|Any CPU.ActiveCfg = Release|Any CPU
		{EFB0B30B-A737-4F01-94F5-9C6E53E42A0C}.Release|Any CPU.Build.0 = Release|Any CPU
	EndGlobalSection
EndGlobal
