
Microsoft Visual Studio Solution File, Format Version 11.00
# Visual Studio 2010
Project("{FAE04EC0-301F-11D3-BF4B-00C04F79EFBC}") = "CoCoL", "CoCoL\CoCoL.csproj", "{00058DF8-C13F-4DD9-BD8E-775DDF72BF87}"
EndProject
Project("{FAE04EC0-301F-11D3-BF4B-00C04F79EFBC}") = "CoCoL.Blocks", "CoCoL.Blocks\CoCoL.Blocks.csproj", "{6CAAAC87-F520-4227-A9D1-3123AC0E0E93}"
EndProject
Project("{FAE04EC0-301F-11D3-BF4B-00C04F79EFBC}") = "UnitTest", "UnitTest\UnitTest.csproj", "{722F5CDA-F42A-42A4-8A8E-0A8B5B763FB2}"
EndProject
Project("{FAE04EC0-301F-11D3-BF4B-00C04F79EFBC}") = "CoCoL-PCL", "CoCoL-PCL\CoCoL-PCL.csproj", "{E30DAC36-3E96-41F4-9B86-8D535CF98DA6}"
EndProject
Project("{2150E333-8FDC-42A3-9474-1A3956D46DE8}") = "Examples", "Examples", "{31DFC7EB-947A-436B-9677-FF63B38A55D1}"
EndProject
Project("{FAE04EC0-301F-11D3-BF4B-00C04F79EFBC}") = "CommsTimeAwait", "examples\CommsTimeAwait\CommsTimeAwait.csproj", "{8C22B8AB-FCA8-4630-9B77-E73FC0481DA2}"
EndProject
Project("{FAE04EC0-301F-11D3-BF4B-00C04F79EFBC}") = "MandelbrotDynamic", "examples\MandelbrotDynamic\MandelbrotDynamic.csproj", "{FDFE3C31-A44C-4211-B61F-D1E4198A6A10}"
EndProject
Project("{FAE04EC0-301F-11D3-BF4B-00C04F79EFBC}") = "Mandelbrot", "examples\Mandelbrot\Mandelbrot.csproj", "{6690C3BC-07F6-447C-BFCE-05F19CD6D6CF}"
EndProject
Project("{FAE04EC0-301F-11D3-BF4B-00C04F79EFBC}") = "CommsTimeBlocks", "examples\CommsTimeBlocks\CommsTimeBlocks.csproj", "{EE02049C-4D9E-4FF1-87D6-D07BA33AE2CB}"
EndProject
Project("{FAE04EC0-301F-11D3-BF4B-00C04F79EFBC}") = "MonteCarloPi", "examples\MonteCarloPi\MonteCarloPi.csproj", "{A34DD3BF-9A1F-4167-B487-8D7E75530ED4}"
EndProject
Project("{FAE04EC0-301F-11D3-BF4B-00C04F79EFBC}") = "Sieve", "examples\Sieve\Sieve.csproj", "{DF30D1D1-5683-444B-A60B-CA477B3AD6E0}"
EndProject
Project("{FAE04EC0-301F-11D3-BF4B-00C04F79EFBC}") = "StressedAlt", "examples\StressedAlt\StressedAlt.csproj", "{77453E91-BE0A-4994-A95C-30D2059A01F1}"
EndProject
Project("{FAE04EC0-301F-11D3-BF4B-00C04F79EFBC}") = "CoCoL.Network", "CoCoL.Network\CoCoL.Network.csproj", "{2138966B-CB50-4F7C-B53A-A0A2F882BE07}"
EndProject
Project("{FAE04EC0-301F-11D3-BF4B-00C04F79EFBC}") = "HelloWorld", "examples\HelloWorld\HelloWorld.csproj", "{8E6DC1E7-850B-4F8E-A7A7-668C743CEE36}"
EndProject
Project("{FAE04EC0-301F-11D3-BF4B-00C04F79EFBC}") = "HelloWorldAny", "examples\HelloWorldAny\HelloWorldAny.csproj", "{5F46EC67-E628-4DAB-87EA-3D3886F7E826}"
EndProject
Project("{FAE04EC0-301F-11D3-BF4B-00C04F79EFBC}") = "CoCoL-NetCore", "CoCoL-NetCore\CoCoL-NetCore.csproj", "{5394A51C-CC8D-4CCE-AA90-E4D9302F30BF}"
EndProject
Project("{FAE04EC0-301F-11D3-BF4B-00C04F79EFBC}") = "UnitTest-NetCore", "UnitTest-NetCore\UnitTest-NetCore.csproj", "{8C61C665-8DB3-4BA0-9B03-E953C2243573}"
EndProject
Global
	GlobalSection(SolutionConfigurationPlatforms) = preSolution
		Debug|Any CPU = Debug|Any CPU
		Release|Any CPU = Release|Any CPU
	EndGlobalSection
	GlobalSection(ProjectConfigurationPlatforms) = postSolution
		{00058DF8-C13F-4DD9-BD8E-775DDF72BF87}.Debug|Any CPU.ActiveCfg = Debug|Any CPU
		{00058DF8-C13F-4DD9-BD8E-775DDF72BF87}.Debug|Any CPU.Build.0 = Debug|Any CPU
		{00058DF8-C13F-4DD9-BD8E-775DDF72BF87}.Release|Any CPU.ActiveCfg = Release|Any CPU
		{00058DF8-C13F-4DD9-BD8E-775DDF72BF87}.Release|Any CPU.Build.0 = Release|Any CPU
		{2138966B-CB50-4F7C-B53A-A0A2F882BE07}.Debug|Any CPU.ActiveCfg = Debug|Any CPU
		{2138966B-CB50-4F7C-B53A-A0A2F882BE07}.Debug|Any CPU.Build.0 = Debug|Any CPU
		{2138966B-CB50-4F7C-B53A-A0A2F882BE07}.Release|Any CPU.ActiveCfg = Release|Any CPU
		{2138966B-CB50-4F7C-B53A-A0A2F882BE07}.Release|Any CPU.Build.0 = Release|Any CPU
		{6690C3BC-07F6-447C-BFCE-05F19CD6D6CF}.Debug|Any CPU.ActiveCfg = Debug|Any CPU
		{6690C3BC-07F6-447C-BFCE-05F19CD6D6CF}.Debug|Any CPU.Build.0 = Debug|Any CPU
		{6690C3BC-07F6-447C-BFCE-05F19CD6D6CF}.Release|Any CPU.ActiveCfg = Release|Any CPU
		{6690C3BC-07F6-447C-BFCE-05F19CD6D6CF}.Release|Any CPU.Build.0 = Release|Any CPU
		{6CAAAC87-F520-4227-A9D1-3123AC0E0E93}.Debug|Any CPU.ActiveCfg = Debug|Any CPU
		{6CAAAC87-F520-4227-A9D1-3123AC0E0E93}.Debug|Any CPU.Build.0 = Debug|Any CPU
		{6CAAAC87-F520-4227-A9D1-3123AC0E0E93}.Release|Any CPU.ActiveCfg = Release|Any CPU
		{6CAAAC87-F520-4227-A9D1-3123AC0E0E93}.Release|Any CPU.Build.0 = Release|Any CPU
		{722F5CDA-F42A-42A4-8A8E-0A8B5B763FB2}.Debug|Any CPU.ActiveCfg = Debug|Any CPU
		{722F5CDA-F42A-42A4-8A8E-0A8B5B763FB2}.Debug|Any CPU.Build.0 = Debug|Any CPU
		{722F5CDA-F42A-42A4-8A8E-0A8B5B763FB2}.Release|Any CPU.ActiveCfg = Release|Any CPU
		{722F5CDA-F42A-42A4-8A8E-0A8B5B763FB2}.Release|Any CPU.Build.0 = Release|Any CPU
		{77453E91-BE0A-4994-A95C-30D2059A01F1}.Debug|Any CPU.ActiveCfg = Debug|Any CPU
		{77453E91-BE0A-4994-A95C-30D2059A01F1}.Debug|Any CPU.Build.0 = Debug|Any CPU
		{77453E91-BE0A-4994-A95C-30D2059A01F1}.Release|Any CPU.ActiveCfg = Release|Any CPU
		{77453E91-BE0A-4994-A95C-30D2059A01F1}.Release|Any CPU.Build.0 = Release|Any CPU
		{8C22B8AB-FCA8-4630-9B77-E73FC0481DA2}.Debug|Any CPU.ActiveCfg = Debug|Any CPU
		{8C22B8AB-FCA8-4630-9B77-E73FC0481DA2}.Debug|Any CPU.Build.0 = Debug|Any CPU
		{8C22B8AB-FCA8-4630-9B77-E73FC0481DA2}.Release|Any CPU.ActiveCfg = Release|Any CPU
		{8C22B8AB-FCA8-4630-9B77-E73FC0481DA2}.Release|Any CPU.Build.0 = Release|Any CPU
		{A34DD3BF-9A1F-4167-B487-8D7E75530ED4}.Debug|Any CPU.ActiveCfg = Debug|Any CPU
		{A34DD3BF-9A1F-4167-B487-8D7E75530ED4}.Debug|Any CPU.Build.0 = Debug|Any CPU
		{A34DD3BF-9A1F-4167-B487-8D7E75530ED4}.Release|Any CPU.ActiveCfg = Release|Any CPU
		{A34DD3BF-9A1F-4167-B487-8D7E75530ED4}.Release|Any CPU.Build.0 = Release|Any CPU
		{DF30D1D1-5683-444B-A60B-CA477B3AD6E0}.Debug|Any CPU.ActiveCfg = Debug|Any CPU
		{DF30D1D1-5683-444B-A60B-CA477B3AD6E0}.Debug|Any CPU.Build.0 = Debug|Any CPU
		{DF30D1D1-5683-444B-A60B-CA477B3AD6E0}.Release|Any CPU.ActiveCfg = Release|Any CPU
		{DF30D1D1-5683-444B-A60B-CA477B3AD6E0}.Release|Any CPU.Build.0 = Release|Any CPU
		{E30DAC36-3E96-41F4-9B86-8D535CF98DA6}.Debug|Any CPU.ActiveCfg = Debug|Any CPU
		{E30DAC36-3E96-41F4-9B86-8D535CF98DA6}.Debug|Any CPU.Build.0 = Debug|Any CPU
		{E30DAC36-3E96-41F4-9B86-8D535CF98DA6}.Release|Any CPU.ActiveCfg = Release|Any CPU
		{E30DAC36-3E96-41F4-9B86-8D535CF98DA6}.Release|Any CPU.Build.0 = Release|Any CPU
		{EE02049C-4D9E-4FF1-87D6-D07BA33AE2CB}.Debug|Any CPU.ActiveCfg = Debug|Any CPU
		{EE02049C-4D9E-4FF1-87D6-D07BA33AE2CB}.Debug|Any CPU.Build.0 = Debug|Any CPU
		{EE02049C-4D9E-4FF1-87D6-D07BA33AE2CB}.Release|Any CPU.ActiveCfg = Release|Any CPU
		{EE02049C-4D9E-4FF1-87D6-D07BA33AE2CB}.Release|Any CPU.Build.0 = Release|Any CPU
		{FDFE3C31-A44C-4211-B61F-D1E4198A6A10}.Debug|Any CPU.ActiveCfg = Debug|Any CPU
		{FDFE3C31-A44C-4211-B61F-D1E4198A6A10}.Debug|Any CPU.Build.0 = Debug|Any CPU
		{FDFE3C31-A44C-4211-B61F-D1E4198A6A10}.Release|Any CPU.ActiveCfg = Release|Any CPU
		{FDFE3C31-A44C-4211-B61F-D1E4198A6A10}.Release|Any CPU.Build.0 = Release|Any CPU
		{8E6DC1E7-850B-4F8E-A7A7-668C743CEE36}.Debug|Any CPU.ActiveCfg = Debug|Any CPU
		{8E6DC1E7-850B-4F8E-A7A7-668C743CEE36}.Debug|Any CPU.Build.0 = Debug|Any CPU
		{8E6DC1E7-850B-4F8E-A7A7-668C743CEE36}.Release|Any CPU.ActiveCfg = Release|Any CPU
		{8E6DC1E7-850B-4F8E-A7A7-668C743CEE36}.Release|Any CPU.Build.0 = Release|Any CPU
		{5F46EC67-E628-4DAB-87EA-3D3886F7E826}.Debug|Any CPU.ActiveCfg = Debug|Any CPU
		{5F46EC67-E628-4DAB-87EA-3D3886F7E826}.Debug|Any CPU.Build.0 = Debug|Any CPU
		{5F46EC67-E628-4DAB-87EA-3D3886F7E826}.Release|Any CPU.ActiveCfg = Release|Any CPU
		{5F46EC67-E628-4DAB-87EA-3D3886F7E826}.Release|Any CPU.Build.0 = Release|Any CPU
		{5394A51C-CC8D-4CCE-AA90-E4D9302F30BF}.Debug|Any CPU.ActiveCfg = Debug|Any CPU
		{5394A51C-CC8D-4CCE-AA90-E4D9302F30BF}.Debug|Any CPU.Build.0 = Debug|Any CPU
		{5394A51C-CC8D-4CCE-AA90-E4D9302F30BF}.Release|Any CPU.ActiveCfg = Release|Any CPU
		{5394A51C-CC8D-4CCE-AA90-E4D9302F30BF}.Release|Any CPU.Build.0 = Release|Any CPU
		{8C61C665-8DB3-4BA0-9B03-E953C2243573}.Debug|Any CPU.ActiveCfg = Debug|Any CPU
		{8C61C665-8DB3-4BA0-9B03-E953C2243573}.Debug|Any CPU.Build.0 = Debug|Any CPU
		{8C61C665-8DB3-4BA0-9B03-E953C2243573}.Release|Any CPU.ActiveCfg = Release|Any CPU
		{8C61C665-8DB3-4BA0-9B03-E953C2243573}.Release|Any CPU.Build.0 = Release|Any CPU
	EndGlobalSection
	GlobalSection(NestedProjects) = preSolution
		{8C22B8AB-FCA8-4630-9B77-E73FC0481DA2} = {31DFC7EB-947A-436B-9677-FF63B38A55D1}
		{FDFE3C31-A44C-4211-B61F-D1E4198A6A10} = {31DFC7EB-947A-436B-9677-FF63B38A55D1}
		{6690C3BC-07F6-447C-BFCE-05F19CD6D6CF} = {31DFC7EB-947A-436B-9677-FF63B38A55D1}
		{EE02049C-4D9E-4FF1-87D6-D07BA33AE2CB} = {31DFC7EB-947A-436B-9677-FF63B38A55D1}
		{A34DD3BF-9A1F-4167-B487-8D7E75530ED4} = {31DFC7EB-947A-436B-9677-FF63B38A55D1}
		{DF30D1D1-5683-444B-A60B-CA477B3AD6E0} = {31DFC7EB-947A-436B-9677-FF63B38A55D1}
		{77453E91-BE0A-4994-A95C-30D2059A01F1} = {31DFC7EB-947A-436B-9677-FF63B38A55D1}
		{8E6DC1E7-850B-4F8E-A7A7-668C743CEE36} = {31DFC7EB-947A-436B-9677-FF63B38A55D1}
		{5F46EC67-E628-4DAB-87EA-3D3886F7E826} = {31DFC7EB-947A-436B-9677-FF63B38A55D1}
	EndGlobalSection
	GlobalSection(MonoDevelopProperties) = preSolution
		version = 1.6.0
	EndGlobalSection
EndGlobal
